
Microsoft Visual Studio Solution File, Format Version 12.00
# Visual Studio 15
VisualStudioVersion = 15.0.27004.2008
MinimumVisualStudioVersion = 10.0.40219.1
Project("{8BC9CEB8-8B4A-11D0-8D11-00A0C91BC942}") = "JoyShockLibrary", "JoyShockLibrary\JoyShockLibrary.vcxproj", "{BE325923-2EDC-4B77-B478-18143FAECEEC}"
EndProject
Global
	GlobalSection(SolutionConfigurationPlatforms) = preSolution
		Debug|x64 = Debug|x64
		Debug|x86 = Debug|x86
		Release|x64 = Release|x64
		Release|x86 = Release|x86
	EndGlobalSection
	GlobalSection(ProjectConfigurationPlatforms) = postSolution
		{BE325923-2EDC-4B77-B478-18143FAECEEC}.Debug|x64.ActiveCfg = Debug|x64
		{BE325923-2EDC-4B77-B478-18143FAECEEC}.Debug|x64.Build.0 = Debug|x64
		{BE325923-2EDC-4B77-B478-18143FAECEEC}.Debug|x86.ActiveCfg = Debug|Win32
		{BE325923-2EDC-4B77-B478-18143FAECEEC}.Debug|x86.Build.0 = Debug|Win32
		{BE325923-2EDC-4B77-B478-18143FAECEEC}.Release|x64.ActiveCfg = Release|x64
		{BE325923-2EDC-4B77-B478-18143FAECEEC}.Release|x64.Build.0 = Release|x64
		{BE325923-2EDC-4B77-B478-18143FAECEEC}.Release|x86.ActiveCfg = Release|Win32
		{BE325923-2EDC-4B77-B478-18143FAECEEC}.Release|x86.Build.0 = Release|Win32
	EndGlobalSection
	GlobalSection(SolutionProperties) = preSolution
		HideSolutionNode = FALSE
	EndGlobalSection
	GlobalSection(ExtensibilityGlobals) = postSolution
		SolutionGuid = {F518103C-A927-48B4-9202-B55DDBEE58A4}
	EndGlobalSection
EndGlobal
